
Microsoft Visual Studio Solution File, Format Version 12.00
# Visual Studio Version 16
VisualStudioVersion = 16.0.31424.327
MinimumVisualStudioVersion = 10.0.40219.1
Project("{FAE04EC0-301F-11D3-BF4B-00C04F79EFBC}") = "FirstWinApp", "FirstWinApp\FirstWinApp.csproj", "{01EC94CD-F690-4BA0-8BAE-5724DD6C3420}"
EndProject
Project("{FAE04EC0-301F-11D3-BF4B-00C04F79EFBC}") = "MathQuiz", "MathQuiz\MathQuiz.csproj", "{E9CBE152-A040-411C-A867-94D4E3291817}"
EndProject
Project("{FAE04EC0-301F-11D3-BF4B-00C04F79EFBC}") = "TestHomeApp", "TestHomeApp\TestHomeApp.csproj", "{F4B10715-AA87-4F19-9CDD-370FAB3F8184}"
EndProject
Global
	GlobalSection(SolutionConfigurationPlatforms) = preSolution
		Debug|Any CPU = Debug|Any CPU
		Release|Any CPU = Release|Any CPU
	EndGlobalSection
	GlobalSection(ProjectConfigurationPlatforms) = postSolution
		{01EC94CD-F690-4BA0-8BAE-5724DD6C3420}.Debug|Any CPU.ActiveCfg = Debug|Any CPU
		{01EC94CD-F690-4BA0-8BAE-5724DD6C3420}.Debug|Any CPU.Build.0 = Debug|Any CPU
		{01EC94CD-F690-4BA0-8BAE-5724DD6C3420}.Release|Any CPU.ActiveCfg = Release|Any CPU
		{01EC94CD-F690-4BA0-8BAE-5724DD6C3420}.Release|Any CPU.Build.0 = Release|Any CPU
		{E9CBE152-A040-411C-A867-94D4E3291817}.Debug|Any CPU.ActiveCfg = Debug|Any CPU
		{E9CBE152-A040-411C-A867-94D4E3291817}.Debug|Any CPU.Build.0 = Debug|Any CPU
		{E9CBE152-A040-411C-A867-94D4E3291817}.Release|Any CPU.ActiveCfg = Release|Any CPU
		{E9CBE152-A040-411C-A867-94D4E3291817}.Release|Any CPU.Build.0 = Release|Any CPU
		{F4B10715-AA87-4F19-9CDD-370FAB3F8184}.Debug|Any CPU.ActiveCfg = Debug|Any CPU
		{F4B10715-AA87-4F19-9CDD-370FAB3F8184}.Debug|Any CPU.Build.0 = Debug|Any CPU
		{F4B10715-AA87-4F19-9CDD-370FAB3F8184}.Release|Any CPU.ActiveCfg = Release|Any CPU
		{F4B10715-AA87-4F19-9CDD-370FAB3F8184}.Release|Any CPU.Build.0 = Release|Any CPU
	EndGlobalSection
	GlobalSection(SolutionProperties) = preSolution
		HideSolutionNode = FALSE
	EndGlobalSection
	GlobalSection(ExtensibilityGlobals) = postSolution
		SolutionGuid = {E8391B8C-AAED-476D-B6A7-E51C70691861}
	EndGlobalSection
EndGlobal
